
Microsoft Visual Studio Solution File, Format Version 12.00
# Visual Studio Version 17
VisualStudioVersion = 17.2.32526.322
MinimumVisualStudioVersion = 10.0.40219.1
Project("{FAE04EC0-301F-11D3-BF4B-00C04F79EFBC}") = "Even", "Even\Even.csproj", "{EEA69CD5-FDCA-413C-8CBF-72919D089DA8}"
EndProject
Global
	GlobalSection(SolutionConfigurationPlatforms) = preSolution
		Debug|Any CPU = Debug|Any CPU
		Release|Any CPU = Release|Any CPU
	EndGlobalSection
	GlobalSection(ProjectConfigurationPlatforms) = postSolution
		{EEA69CD5-FDCA-413C-8CBF-72919D089DA8}.Debug|Any CPU.ActiveCfg = Debug|Any CPU
		{EEA69CD5-FDCA-413C-8CBF-72919D089DA8}.Debug|Any CPU.Build.0 = Debug|Any CPU
		{EEA69CD5-FDCA-413C-8CBF-72919D089DA8}.Release|Any CPU.ActiveCfg = Release|Any CPU
		{EEA69CD5-FDCA-413C-8CBF-72919D089DA8}.Release|Any CPU.Build.0 = Release|Any CPU
	EndGlobalSection
	GlobalSection(SolutionProperties) = preSolution
		HideSolutionNode = FALSE
	EndGlobalSection
	GlobalSection(ExtensibilityGlobals) = postSolution
		SolutionGuid = {0D14D703-F971-47C6-9888-C44F67FDCFF0}
	EndGlobalSection
EndGlobal
